
Microsoft Visual Studio Solution File, Format Version 12.00
# Visual Studio Version 17
VisualStudioVersion = 17.3.32901.215
MinimumVisualStudioVersion = 10.0.40219.1
Project("{FAE04EC0-301F-11D3-BF4B-00C04F79EFBC}") = "Demo1", "Demo1\Demo1.csproj", "{22C50169-8755-4AA0-91AB-1E67ECA8EAAC}"
EndProject
Global
	GlobalSection(SolutionConfigurationPlatforms) = preSolution
		Debug|Any CPU = Debug|Any CPU
		Release|Any CPU = Release|Any CPU
	EndGlobalSection
	GlobalSection(ProjectConfigurationPlatforms) = postSolution
		{22C50169-8755-4AA0-91AB-1E67ECA8EAAC}.Debug|Any CPU.ActiveCfg = Debug|Any CPU
		{22C50169-8755-4AA0-91AB-1E67ECA8EAAC}.Debug|Any CPU.Build.0 = Debug|Any CPU
		{22C50169-8755-4AA0-91AB-1E67ECA8EAAC}.Release|Any CPU.ActiveCfg = Release|Any CPU
		{22C50169-8755-4AA0-91AB-1E67ECA8EAAC}.Release|Any CPU.Build.0 = Release|Any CPU
	EndGlobalSection
	GlobalSection(SolutionProperties) = preSolution
		HideSolutionNode = FALSE
	EndGlobalSection
	GlobalSection(ExtensibilityGlobals) = postSolution
		SolutionGuid = {109EF4CB-DE0F-4057-9E5A-A289E3660653}
	EndGlobalSection
EndGlobal
